
Microsoft Visual Studio Solution File, Format Version 12.00
# Visual Studio Version 17
VisualStudioVersion = 17.0.31903.59
MinimumVisualStudioVersion = 10.0.40219.1
Project("{2150E333-8FDC-42A3-9474-1A3956D46DE8}") = "src", "src", "{827E0CD3-B72D-47B6-A68D-7590B98EB39B}"
EndProject
Project("{FAE04EC0-301F-11D3-BF4B-00C04F79EFBC}") = "YFToolbox.Core", "src\YFToolbox.Core\YFToolbox.Core.csproj", "{C541AFC9-77CB-4CC7-A7EF-2E2F68DEE7C0}"
EndProject
Project("{FAE04EC0-301F-11D3-BF4B-00C04F79EFBC}") = "YFToolbox.Application", "src\YFToolbox.Application\YFToolbox.Application.csproj", "{6321BF59-2B62-4B36-933E-0523EE6135A7}"
EndProject
Project("{FAE04EC0-301F-11D3-BF4B-00C04F79EFBC}") = "YFToolbox.Infrastructure", "src\YFToolbox.Infrastructure\YFToolbox.Infrastructure.csproj", "{3FF29E50-E8E5-479C-B709-C8A33AE640FB}"
EndProject
Project("{FAE04EC0-301F-11D3-BF4B-00C04F79EFBC}") = "YFToolbox.Features.Images", "src\YFToolbox.Features.Images\YFToolbox.Features.Images.csproj", "{286C628F-A38F-4E52-85C9-4FC5F9986CE1}"
EndProject
Project("{FAE04EC0-301F-11D3-BF4B-00C04F79EFBC}") = "YFToolbox.Features.Files", "src\YFToolbox.Features.Files\YFToolbox.Features.Files.csproj", "{AE9B5CCF-7669-44F3-B8B6-B747F4E05529}"
EndProject
Project("{FAE04EC0-301F-11D3-BF4B-00C04F79EFBC}") = "YFToolbox.App", "src\YFToolbox.App\YFToolbox.App.csproj", "{E8EE0D54-1F46-4015-A7B0-8A07B21CD62B}"
EndProject
Project("{2150E333-8FDC-42A3-9474-1A3956D46DE8}") = "tests", "tests", "{0AB3BF05-4346-4AA6-1389-037BE0695223}"
EndProject
Project("{FAE04EC0-301F-11D3-BF4B-00C04F79EFBC}") = "YFToolbox.Core.Tests", "tests\YFToolbox.Core.Tests\YFToolbox.Core.Tests.csproj", "{867BD777-D1D8-4E55-8C33-150AC41C81A7}"
EndProject
Project("{FAE04EC0-301F-11D3-BF4B-00C04F79EFBC}") = "YFToolbox.Features.Tests", "tests\YFToolbox.Features.Tests\YFToolbox.Features.Tests.csproj", "{F184B736-AB6C-4F8A-A4B3-9BEFA71F06BE}"
EndProject
Project("{FAE04EC0-301F-11D3-BF4B-00C04F79EFBC}") = "YFToolbox.IntegrationTests", "tests\YFToolbox.IntegrationTests\YFToolbox.IntegrationTests.csproj", "{120BEC09-084B-4800-91AA-AABEAD6DAD22}"
EndProject
Project("{FAE04EC0-301F-11D3-BF4B-00C04F79EFBC}") = "YFToolbox.App.Tests", "tests\YFToolbox.App.Tests\YFToolbox.App.Tests.csproj", "{5A515278-6327-4E22-A44A-275FA4001330}"
EndProject
Global
	GlobalSection(SolutionConfigurationPlatforms) = preSolution
		Debug|Any CPU = Debug|Any CPU
		Debug|x64 = Debug|x64
		Debug|x86 = Debug|x86
		Release|Any CPU = Release|Any CPU
		Release|x64 = Release|x64
		Release|x86 = Release|x86
	EndGlobalSection
	GlobalSection(ProjectConfigurationPlatforms) = postSolution
		{C541AFC9-77CB-4CC7-A7EF-2E2F68DEE7C0}.Debug|Any CPU.ActiveCfg = Debug|Any CPU
		{C541AFC9-77CB-4CC7-A7EF-2E2F68DEE7C0}.Debug|Any CPU.Build.0 = Debug|Any CPU
		{C541AFC9-77CB-4CC7-A7EF-2E2F68DEE7C0}.Debug|x64.ActiveCfg = Debug|Any CPU
		{C541AFC9-77CB-4CC7-A7EF-2E2F68DEE7C0}.Debug|x64.Build.0 = Debug|Any CPU
		{C541AFC9-77CB-4CC7-A7EF-2E2F68DEE7C0}.Debug|x86.ActiveCfg = Debug|Any CPU
		{C541AFC9-77CB-4CC7-A7EF-2E2F68DEE7C0}.Debug|x86.Build.0 = Debug|Any CPU
		{C541AFC9-77CB-4CC7-A7EF-2E2F68DEE7C0}.Release|Any CPU.ActiveCfg = Release|Any CPU
		{C541AFC9-77CB-4CC7-A7EF-2E2F68DEE7C0}.Release|Any CPU.Build.0 = Release|Any CPU
		{C541AFC9-77CB-4CC7-A7EF-2E2F68DEE7C0}.Release|x64.ActiveCfg = Release|Any CPU
		{C541AFC9-77CB-4CC7-A7EF-2E2F68DEE7C0}.Release|x64.Build.0 = Release|Any CPU
		{C541AFC9-77CB-4CC7-A7EF-2E2F68DEE7C0}.Release|x86.ActiveCfg = Release|Any CPU
		{C541AFC9-77CB-4CC7-A7EF-2E2F68DEE7C0}.Release|x86.Build.0 = Release|Any CPU
		{6321BF59-2B62-4B36-933E-0523EE6135A7}.Debug|Any CPU.ActiveCfg = Debug|Any CPU
		{6321BF59-2B62-4B36-933E-0523EE6135A7}.Debug|Any CPU.Build.0 = Debug|Any CPU
		{6321BF59-2B62-4B36-933E-0523EE6135A7}.Debug|x64.ActiveCfg = Debug|Any CPU
		{6321BF59-2B62-4B36-933E-0523EE6135A7}.Debug|x64.Build.0 = Debug|Any CPU
		{6321BF59-2B62-4B36-933E-0523EE6135A7}.Debug|x86.ActiveCfg = Debug|Any CPU
		{6321BF59-2B62-4B36-933E-0523EE6135A7}.Debug|x86.Build.0 = Debug|Any CPU
		{6321BF59-2B62-4B36-933E-0523EE6135A7}.Release|Any CPU.ActiveCfg = Release|Any CPU
		{6321BF59-2B62-4B36-933E-0523EE6135A7}.Release|Any CPU.Build.0 = Release|Any CPU
		{6321BF59-2B62-4B36-933E-0523EE6135A7}.Release|x64.ActiveCfg = Release|Any CPU
		{6321BF59-2B62-4B36-933E-0523EE6135A7}.Release|x64.Build.0 = Release|Any CPU
		{6321BF59-2B62-4B36-933E-0523EE6135A7}.Release|x86.ActiveCfg = Release|Any CPU
		{6321BF59-2B62-4B36-933E-0523EE6135A7}.Release|x86.Build.0 = Release|Any CPU
		{3FF29E50-E8E5-479C-B709-C8A33AE640FB}.Debug|Any CPU.ActiveCfg = Debug|Any CPU
		{3FF29E50-E8E5-479C-B709-C8A33AE640FB}.Debug|Any CPU.Build.0 = Debug|Any CPU
		{3FF29E50-E8E5-479C-B709-C8A33AE640FB}.Debug|x64.ActiveCfg = Debug|Any CPU
		{3FF29E50-E8E5-479C-B709-C8A33AE640FB}.Debug|x64.Build.0 = Debug|Any CPU
		{3FF29E50-E8E5-479C-B709-C8A33AE640FB}.Debug|x86.ActiveCfg = Debug|Any CPU
		{3FF29E50-E8E5-479C-B709-C8A33AE640FB}.Debug|x86.Build.0 = Debug|Any CPU
		{3FF29E50-E8E5-479C-B709-C8A33AE640FB}.Release|Any CPU.ActiveCfg = Release|Any CPU
		{3FF29E50-E8E5-479C-B709-C8A33AE640FB}.Release|Any CPU.Build.0 = Release|Any CPU
		{3FF29E50-E8E5-479C-B709-C8A33AE640FB}.Release|x64.ActiveCfg = Release|Any CPU
		{3FF29E50-E8E5-479C-B709-C8A33AE640FB}.Release|x64.Build.0 = Release|Any CPU
		{3FF29E50-E8E5-479C-B709-C8A33AE640FB}.Release|x86.ActiveCfg = Release|Any CPU
		{3FF29E50-E8E5-479C-B709-C8A33AE640FB}.Release|x86.Build.0 = Release|Any CPU
		{286C628F-A38F-4E52-85C9-4FC5F9986CE1}.Debug|Any CPU.ActiveCfg = Debug|Any CPU
		{286C628F-A38F-4E52-85C9-4FC5F9986CE1}.Debug|Any CPU.Build.0 = Debug|Any CPU
		{286C628F-A38F-4E52-85C9-4FC5F9986CE1}.Debug|x64.ActiveCfg = Debug|Any CPU
		{286C628F-A38F-4E52-85C9-4FC5F9986CE1}.Debug|x64.Build.0 = Debug|Any CPU
		{286C628F-A38F-4E52-85C9-4FC5F9986CE1}.Debug|x86.ActiveCfg = Debug|Any CPU
		{286C628F-A38F-4E52-85C9-4FC5F9986CE1}.Debug|x86.Build.0 = Debug|Any CPU
		{286C628F-A38F-4E52-85C9-4FC5F9986CE1}.Release|Any CPU.ActiveCfg = Release|Any CPU
		{286C628F-A38F-4E52-85C9-4FC5F9986CE1}.Release|Any CPU.Build.0 = Release|Any CPU
		{286C628F-A38F-4E52-85C9-4FC5F9986CE1}.Release|x64.ActiveCfg = Release|Any CPU
		{286C628F-A38F-4E52-85C9-4FC5F9986CE1}.Release|x64.Build.0 = Release|Any CPU
		{286C628F-A38F-4E52-85C9-4FC5F9986CE1}.Release|x86.ActiveCfg = Release|Any CPU
		{286C628F-A38F-4E52-85C9-4FC5F9986CE1}.Release|x86.Build.0 = Release|Any CPU
		{AE9B5CCF-7669-44F3-B8B6-B747F4E05529}.Debug|Any CPU.ActiveCfg = Debug|Any CPU
		{AE9B5CCF-7669-44F3-B8B6-B747F4E05529}.Debug|Any CPU.Build.0 = Debug|Any CPU
		{AE9B5CCF-7669-44F3-B8B6-B747F4E05529}.Debug|x64.ActiveCfg = Debug|Any CPU
		{AE9B5CCF-7669-44F3-B8B6-B747F4E05529}.Debug|x64.Build.0 = Debug|Any CPU
		{AE9B5CCF-7669-44F3-B8B6-B747F4E05529}.Debug|x86.ActiveCfg = Debug|Any CPU
		{AE9B5CCF-7669-44F3-B8B6-B747F4E05529}.Debug|x86.Build.0 = Debug|Any CPU
		{AE9B5CCF-7669-44F3-B8B6-B747F4E05529}.Release|Any CPU.ActiveCfg = Release|Any CPU
		{AE9B5CCF-7669-44F3-B8B6-B747F4E05529}.Release|Any CPU.Build.0 = Release|Any CPU
		{AE9B5CCF-7669-44F3-B8B6-B747F4E05529}.Release|x64.ActiveCfg = Release|Any CPU
		{AE9B5CCF-7669-44F3-B8B6-B747F4E05529}.Release|x64.Build.0 = Release|Any CPU
		{AE9B5CCF-7669-44F3-B8B6-B747F4E05529}.Release|x86.ActiveCfg = Release|Any CPU
		{AE9B5CCF-7669-44F3-B8B6-B747F4E05529}.Release|x86.Build.0 = Release|Any CPU
		{E8EE0D54-1F46-4015-A7B0-8A07B21CD62B}.Debug|Any CPU.ActiveCfg = Debug|x64
		{E8EE0D54-1F46-4015-A7B0-8A07B21CD62B}.Debug|Any CPU.Build.0 = Debug|x64
		{E8EE0D54-1F46-4015-A7B0-8A07B21CD62B}.Debug|x64.ActiveCfg = Debug|x64
		{E8EE0D54-1F46-4015-A7B0-8A07B21CD62B}.Debug|x64.Build.0 = Debug|x64
		{E8EE0D54-1F46-4015-A7B0-8A07B21CD62B}.Debug|x86.ActiveCfg = Debug|x64
		{E8EE0D54-1F46-4015-A7B0-8A07B21CD62B}.Debug|x86.Build.0 = Debug|x64
		{E8EE0D54-1F46-4015-A7B0-8A07B21CD62B}.Release|Any CPU.ActiveCfg = Release|x64
		{E8EE0D54-1F46-4015-A7B0-8A07B21CD62B}.Release|Any CPU.Build.0 = Release|x64
		{E8EE0D54-1F46-4015-A7B0-8A07B21CD62B}.Release|x64.ActiveCfg = Release|x64
		{E8EE0D54-1F46-4015-A7B0-8A07B21CD62B}.Release|x64.Build.0 = Release|x64
		{E8EE0D54-1F46-4015-A7B0-8A07B21CD62B}.Release|x86.ActiveCfg = Release|x64
		{E8EE0D54-1F46-4015-A7B0-8A07B21CD62B}.Release|x86.Build.0 = Release|x64
		{867BD777-D1D8-4E55-8C33-150AC41C81A7}.Debug|Any CPU.ActiveCfg = Debug|Any CPU
		{867BD777-D1D8-4E55-8C33-150AC41C81A7}.Debug|Any CPU.Build.0 = Debug|Any CPU
		{867BD777-D1D8-4E55-8C33-150AC41C81A7}.Debug|x64.ActiveCfg = Debug|Any CPU
		{867BD777-D1D8-4E55-8C33-150AC41C81A7}.Debug|x64.Build.0 = Debug|Any CPU
		{867BD777-D1D8-4E55-8C33-150AC41C81A7}.Debug|x86.ActiveCfg = Debug|Any CPU
		{867BD777-D1D8-4E55-8C33-150AC41C81A7}.Debug|x86.Build.0 = Debug|Any CPU
		{867BD777-D1D8-4E55-8C33-150AC41C81A7}.Release|Any CPU.ActiveCfg = Release|Any CPU
		{867BD777-D1D8-4E55-8C33-150AC41C81A7}.Release|Any CPU.Build.0 = Release|Any CPU
		{867BD777-D1D8-4E55-8C33-150AC41C81A7}.Release|x64.ActiveCfg = Release|Any CPU
		{867BD777-D1D8-4E55-8C33-150AC41C81A7}.Release|x64.Build.0 = Release|Any CPU
		{867BD777-D1D8-4E55-8C33-150AC41C81A7}.Release|x86.ActiveCfg = Release|Any CPU
		{867BD777-D1D8-4E55-8C33-150AC41C81A7}.Release|x86.Build.0 = Release|Any CPU
		{F184B736-AB6C-4F8A-A4B3-9BEFA71F06BE}.Debug|Any CPU.ActiveCfg = Debug|Any CPU
		{F184B736-AB6C-4F8A-A4B3-9BEFA71F06BE}.Debug|Any CPU.Build.0 = Debug|Any CPU
		{F184B736-AB6C-4F8A-A4B3-9BEFA71F06BE}.Debug|x64.ActiveCfg = Debug|Any CPU
		{F184B736-AB6C-4F8A-A4B3-9BEFA71F06BE}.Debug|x64.Build.0 = Debug|Any CPU
		{F184B736-AB6C-4F8A-A4B3-9BEFA71F06BE}.Debug|x86.ActiveCfg = Debug|Any CPU
		{F184B736-AB6C-4F8A-A4B3-9BEFA71F06BE}.Debug|x86.Build.0 = Debug|Any CPU
		{F184B736-AB6C-4F8A-A4B3-9BEFA71F06BE}.Release|Any CPU.ActiveCfg = Release|Any CPU
		{F184B736-AB6C-4F8A-A4B3-9BEFA71F06BE}.Release|Any CPU.Build.0 = Release|Any CPU
		{F184B736-AB6C-4F8A-A4B3-9BEFA71F06BE}.Release|x64.ActiveCfg = Release|Any CPU
		{F184B736-AB6C-4F8A-A4B3-9BEFA71F06BE}.Release|x64.Build.0 = Release|Any CPU
		{F184B736-AB6C-4F8A-A4B3-9BEFA71F06BE}.Release|x86.ActiveCfg = Release|Any CPU
		{F184B736-AB6C-4F8A-A4B3-9BEFA71F06BE}.Release|x86.Build.0 = Release|Any CPU
		{120BEC09-084B-4800-91AA-AABEAD6DAD22}.Debug|Any CPU.ActiveCfg = Debug|Any CPU
		{120BEC09-084B-4800-91AA-AABEAD6DAD22}.Debug|Any CPU.Build.0 = Debug|Any CPU
		{120BEC09-084B-4800-91AA-AABEAD6DAD22}.Debug|x64.ActiveCfg = Debug|Any CPU
		{120BEC09-084B-4800-91AA-AABEAD6DAD22}.Debug|x64.Build.0 = Debug|Any CPU
		{120BEC09-084B-4800-91AA-AABEAD6DAD22}.Debug|x86.ActiveCfg = Debug|Any CPU
		{120BEC09-084B-4800-91AA-AABEAD6DAD22}.Debug|x86.Build.0 = Debug|Any CPU
		{120BEC09-084B-4800-91AA-AABEAD6DAD22}.Release|Any CPU.ActiveCfg = Release|Any CPU
		{120BEC09-084B-4800-91AA-AABEAD6DAD22}.Release|Any CPU.Build.0 = Release|Any CPU
		{120BEC09-084B-4800-91AA-AABEAD6DAD22}.Release|x64.ActiveCfg = Release|Any CPU
		{120BEC09-084B-4800-91AA-AABEAD6DAD22}.Release|x64.Build.0 = Release|Any CPU
		{120BEC09-084B-4800-91AA-AABEAD6DAD22}.Release|x86.ActiveCfg = Release|Any CPU
		{120BEC09-084B-4800-91AA-AABEAD6DAD22}.Release|x86.Build.0 = Release|Any CPU
		{5A515278-6327-4E22-A44A-275FA4001330}.Debug|Any CPU.ActiveCfg = Debug|Any CPU
		{5A515278-6327-4E22-A44A-275FA4001330}.Debug|Any CPU.Build.0 = Debug|Any CPU
		{5A515278-6327-4E22-A44A-275FA4001330}.Debug|x64.ActiveCfg = Debug|Any CPU
		{5A515278-6327-4E22-A44A-275FA4001330}.Debug|x64.Build.0 = Debug|Any CPU
		{5A515278-6327-4E22-A44A-275FA4001330}.Debug|x86.ActiveCfg = Debug|Any CPU
		{5A515278-6327-4E22-A44A-275FA4001330}.Debug|x86.Build.0 = Debug|Any CPU
		{5A515278-6327-4E22-A44A-275FA4001330}.Release|Any CPU.ActiveCfg = Release|Any CPU
		{5A515278-6327-4E22-A44A-275FA4001330}.Release|Any CPU.Build.0 = Release|Any CPU
		{5A515278-6327-4E22-A44A-275FA4001330}.Release|x64.ActiveCfg = Release|Any CPU
		{5A515278-6327-4E22-A44A-275FA4001330}.Release|x64.Build.0 = Release|Any CPU
		{5A515278-6327-4E22-A44A-275FA4001330}.Release|x86.ActiveCfg = Release|Any CPU
		{5A515278-6327-4E22-A44A-275FA4001330}.Release|x86.Build.0 = Release|Any CPU
	EndGlobalSection
	GlobalSection(SolutionProperties) = preSolution
		HideSolutionNode = FALSE
	EndGlobalSection
	GlobalSection(NestedProjects) = preSolution
		{C541AFC9-77CB-4CC7-A7EF-2E2F68DEE7C0} = {827E0CD3-B72D-47B6-A68D-7590B98EB39B}
		{6321BF59-2B62-4B36-933E-0523EE6135A7} = {827E0CD3-B72D-47B6-A68D-7590B98EB39B}
		{3FF29E50-E8E5-479C-B709-C8A33AE640FB} = {827E0CD3-B72D-47B6-A68D-7590B98EB39B}
		{286C628F-A38F-4E52-85C9-4FC5F9986CE1} = {827E0CD3-B72D-47B6-A68D-7590B98EB39B}
		{AE9B5CCF-7669-44F3-B8B6-B747F4E05529} = {827E0CD3-B72D-47B6-A68D-7590B98EB39B}
		{E8EE0D54-1F46-4015-A7B0-8A07B21CD62B} = {827E0CD3-B72D-47B6-A68D-7590B98EB39B}
		{867BD777-D1D8-4E55-8C33-150AC41C81A7} = {0AB3BF05-4346-4AA6-1389-037BE0695223}
		{F184B736-AB6C-4F8A-A4B3-9BEFA71F06BE} = {0AB3BF05-4346-4AA6-1389-037BE0695223}
		{120BEC09-084B-4800-91AA-AABEAD6DAD22} = {0AB3BF05-4346-4AA6-1389-037BE0695223}
		{5A515278-6327-4E22-A44A-275FA4001330} = {0AB3BF05-4346-4AA6-1389-037BE0695223}
	EndGlobalSection
EndGlobal
